Microsoft Visual Studio Solution File, Format Version 11.00
# Visual Studio 2008

Project("{543088B6-77BC-3CC1-5E68-BC241788AC82}") = "Jumper", "Assembly-CSharp.csproj", "{92E51D36-8663-9CF0-77C6-20008751E9CB}"
EndProject
Project("{543088B6-77BC-3CC1-5E68-BC241788AC82}") = "Jumper", "Assembly-CSharp-Editor.csproj", "{43E7E6EE-B262-4949-9973-229D64DC5E67}"
EndProject
Project("{543088B6-77BC-3CC1-5E68-BC241788AC82}") = "Jumper", "Assembly-UnityScript.unityproj", "{618E15AC-AE26-2244-78B8-818F68B36E05}"
EndProject
Global
	GlobalSection(SolutionConfigurationPlatforms) = preSolution
		Debug|Any CPU = Debug|Any CPU
		Release|Any CPU = Release|Any CPU
	EndGlobalSection
	GlobalSection(ProjectConfigurationPlatforms) = postSolution
		{92E51D36-8663-9CF0-77C6-20008751E9CB}.Debug|Any CPU.ActiveCfg = Debug|Any CPU
		{92E51D36-8663-9CF0-77C6-20008751E9CB}.Debug|Any CPU.Build.0 = Debug|Any CPU
		{92E51D36-8663-9CF0-77C6-20008751E9CB}.Release|Any CPU.ActiveCfg = Release|Any CPU
		{92E51D36-8663-9CF0-77C6-20008751E9CB}.Release|Any CPU.Build.0 = Release|Any CPU
		{43E7E6EE-B262-4949-9973-229D64DC5E67}.Debug|Any CPU.ActiveCfg = Debug|Any CPU
		{43E7E6EE-B262-4949-9973-229D64DC5E67}.Debug|Any CPU.Build.0 = Debug|Any CPU
		{43E7E6EE-B262-4949-9973-229D64DC5E67}.Release|Any CPU.ActiveCfg = Release|Any CPU
		{43E7E6EE-B262-4949-9973-229D64DC5E67}.Release|Any CPU.Build.0 = Release|Any CPU
		{618E15AC-AE26-2244-78B8-818F68B36E05}.Debug|Any CPU.ActiveCfg = Debug|Any CPU
		{618E15AC-AE26-2244-78B8-818F68B36E05}.Debug|Any CPU.Build.0 = Debug|Any CPU
		{618E15AC-AE26-2244-78B8-818F68B36E05}.Release|Any CPU.ActiveCfg = Release|Any CPU
		{618E15AC-AE26-2244-78B8-818F68B36E05}.Release|Any CPU.Build.0 = Release|Any CPU
	EndGlobalSection
	GlobalSection(SolutionProperties) = preSolution
		HideSolutionNode = FALSE
	EndGlobalSection
	GlobalSection(MonoDevelopProperties) = preSolution
		StartupItem = Assembly-CSharp.csproj
	EndGlobalSection
EndGlobal
